// !$*UTF8*$!
{
	archiveVersion = 1;
	classes = {
	};
	objectVersion = 51;
	objects = {

/* Begin PBXBuildFile section */
		B8E046B8CDFAA8049B6433DB /* Pods_Pokedex.framework in Frameworks */ = {isa = PBXBuildFile; fileRef = 44B6EF9867D6030DBFCD437A /* Pods_Pokedex.framework */; };
		CF0E57D523B54B3F004625CF /* Pokemon GB.ttf in Resources */ = {isa = PBXBuildFile; fileRef = CF1E767F23B538A200CB539F /* Pokemon GB.ttf */; };
		CF0E57D623B54B42004625CF /* Pokemon Solid.ttf in Resources */ = {isa = PBXBuildFile; fileRef = CF0E57D323B54715004625CF /* Pokemon Solid.ttf */; };
		CFAAD9E823B4C9FA0054196D /* PokemonDetailsViewController.swift in Sources */ = {isa = PBXBuildFile; fileRef = CFAAD9E723B4C9FA0054196D /* PokemonDetailsViewController.swift */; };
		CFAAD9EA23B4D3250054196D /* UIExtensions.swift in Sources */ = {isa = PBXBuildFile; fileRef = CFAAD9E923B4D3250054196D /* UIExtensions.swift */; };
		CFAAD9EC23B4F4330054196D /* StringExtensions.swift in Sources */ = {isa = PBXBuildFile; fileRef = CFAAD9EB23B4F4330054196D /* StringExtensions.swift */; };
		CFB15CA123C760BF0059CB31 /* NetworkSession.swift in Sources */ = {isa = PBXBuildFile; fileRef = CFB15CA023C760BF0059CB31 /* NetworkSession.swift */; };
		CFB15CA323C7625E0059CB31 /* URLSessionExtensions.swift in Sources */ = {isa = PBXBuildFile; fileRef = CFB15CA223C7625E0059CB31 /* URLSessionExtensions.swift */; };
		CFB15CA823C7834C0059CB31 /* NetworkSessionMock.swift in Sources */ = {isa = PBXBuildFile; fileRef = CFB15CA623C783220059CB31 /* NetworkSessionMock.swift */; };
		CFB15CAB23C7A5880059CB31 /* APIManagerProtocol.swift in Sources */ = {isa = PBXBuildFile; fileRef = CFB15CAA23C7A5880059CB31 /* APIManagerProtocol.swift */; };
		CFB15CAD23C7A7160059CB31 /* APIManagerMock.swift in Sources */ = {isa = PBXBuildFile; fileRef = CFB15CAC23C7A7160059CB31 /* APIManagerMock.swift */; };
		CFB15CAF23C7AE530059CB31 /* PokedexViewModelTests.swift in Sources */ = {isa = PBXBuildFile; fileRef = CFB15CAE23C7AE530059CB31 /* PokedexViewModelTests.swift */; };
		CFB6707A23B1537200F33E80 /* AppDelegate.swift in Sources */ = {isa = PBXBuildFile; fileRef = CFB6707923B1537200F33E80 /* AppDelegate.swift */; };
		CFB6707C23B1537200F33E80 /* SceneDelegate.swift in Sources */ = {isa = PBXBuildFile; fileRef = CFB6707B23B1537200F33E80 /* SceneDelegate.swift */; };
		CFB6708123B1537200F33E80 /* Main.storyboard in Resources */ = {isa = PBXBuildFile; fileRef = CFB6707F23B1537200F33E80 /* Main.storyboard */; };
		CFB6708323B1537200F33E80 /* Assets.xcassets in Resources */ = {isa = PBXBuildFile; fileRef = CFB6708223B1537200F33E80 /* Assets.xcassets */; };
		CFB6708623B1537200F33E80 /* LaunchScreen.storyboard in Resources */ = {isa = PBXBuildFile; fileRef = CFB6708423B1537200F33E80 /* LaunchScreen.storyboard */; };
		CFB6709123B1537300F33E80 /* ApiManagerTests.swift in Sources */ = {isa = PBXBuildFile; fileRef = CFB6709023B1537300F33E80 /* ApiManagerTests.swift */; };
		CFBB5E8723CCD761007AF907 /* PokedexViewModelSpec.swift in Sources */ = {isa = PBXBuildFile; fileRef = CFBB5E8623CCD761007AF907 /* PokedexViewModelSpec.swift */; };
		CFEBCC3323B15522004E0F73 /* PokeTypeDetail.swift in Sources */ = {isa = PBXBuildFile; fileRef = CFEBCC3023B15522004E0F73 /* PokeTypeDetail.swift */; };
		CFEBCC3423B15522004E0F73 /* Pokemon.swift in Sources */ = {isa = PBXBuildFile; fileRef = CFEBCC3123B15522004E0F73 /* Pokemon.swift */; };
		CFEBCC3523B15522004E0F73 /* PokeType.swift in Sources */ = {isa = PBXBuildFile; fileRef = CFEBCC3223B15522004E0F73 /* PokeType.swift */; };
		CFEBCC3723B1553F004E0F73 /* PokeTypesTableViewController.swift in Sources */ = {isa = PBXBuildFile; fileRef = CFEBCC3623B1553F004E0F73 /* PokeTypesTableViewController.swift */; };
		CFEBCC3E23B15B4B004E0F73 /* PokedexViewModel.swift in Sources */ = {isa = PBXBuildFile; fileRef = CFEBCC3D23B15B4B004E0F73 /* PokedexViewModel.swift */; };
		CFEBCC4123B2271A004E0F73 /* APIManager.swift in Sources */ = {isa = PBXBuildFile; fileRef = CFEBCC4023B2271A004E0F73 /* APIManager.swift */; };
		CFEBCC4323B24702004E0F73 /* PokemonTableViewController.swift in Sources */ = {isa = PBXBuildFile; fileRef = CFEBCC4223B24702004E0F73 /* PokemonTableViewController.swift */; };
		CFF3928B23B62DA100B5B453 /* LoadSpinnerViewController.swift in Sources */ = {isa = PBXBuildFile; fileRef = CFF3928A23B62DA100B5B453 /* LoadSpinnerViewController.swift */; };
		EF10D96B17CD86CFEEAB904E /* Pods_PokedexTests.framework in Frameworks */ = {isa = PBXBuildFile; fileRef = ADEFABCA4ABCE2E4D0BF3E5B /* Pods_PokedexTests.framework */; };
/* End PBXBuildFile section */

/* Begin PBXContainerItemProxy section */
		CFB6708D23B1537300F33E80 /* PBXContainerItemProxy */ = {
			isa = PBXContainerItemProxy;
			containerPortal = CFB6706E23B1537200F33E80 /* Project object */;
			proxyType = 1;
			remoteGlobalIDString = CFB6707523B1537200F33E80;
			remoteInfo = Pokedex;
		};
/* End PBXContainerItemProxy section */

/* Begin PBXFileReference section */
		2CB3632F2799DEA28DA33F3B /* Pods-PokedexTests.debug.xcconfig */ = {isa = PBXFileReference; includeInIndex = 1; lastKnownFileType = text.xcconfig; name = "Pods-PokedexTests.debug.xcconfig"; path = "Target Support Files/Pods-PokedexTests/Pods-PokedexTests.debug.xcconfig"; sourceTree = "<group>"; };
		44B6EF9867D6030DBFCD437A /* Pods_Pokedex.framework */ = {isa = PBXFileReference; explicitFileType = wrapper.framework; includeInIndex = 0; path = Pods_Pokedex.framework; sourceTree = BUILT_PRODUCTS_DIR; };
		7C00F0A8A7998439680986D5 /* Pods-PokedexTests.release.xcconfig */ = {isa = PBXFileReference; includeInIndex = 1; lastKnownFileType = text.xcconfig; name = "Pods-PokedexTests.release.xcconfig"; path = "Target Support Files/Pods-PokedexTests/Pods-PokedexTests.release.xcconfig"; sourceTree = "<group>"; };
		ADEFABCA4ABCE2E4D0BF3E5B /* Pods_PokedexTests.framework */ = {isa = PBXFileReference; explicitFileType = wrapper.framework; includeInIndex = 0; path = Pods_PokedexTests.framework; sourceTree = BUILT_PRODUCTS_DIR; };
		B69278A1FE717E37538F8C1D /* Pods-Pokedex.release.xcconfig */ = {isa = PBXFileReference; includeInIndex = 1; lastKnownFileType = text.xcconfig; name = "Pods-Pokedex.release.xcconfig"; path = "Target Support Files/Pods-Pokedex/Pods-Pokedex.release.xcconfig"; sourceTree = "<group>"; };
		CF0E57D323B54715004625CF /* Pokemon Solid.ttf */ = {isa = PBXFileReference; lastKnownFileType = file; path = "Pokemon Solid.ttf"; sourceTree = "<group>"; };
		CF1E767F23B538A200CB539F /* Pokemon GB.ttf */ = {isa = PBXFileReference; lastKnownFileType = file; path = "Pokemon GB.ttf"; sourceTree = "<group>"; };
		CFAAD9E723B4C9FA0054196D /* PokemonDetailsViewController.swift */ = {isa = PBXFileReference; lastKnownFileType = sourcecode.swift; path = PokemonDetailsViewController.swift; sourceTree = "<group>"; };
		CFAAD9E923B4D3250054196D /* UIExtensions.swift */ = {isa = PBXFileReference; lastKnownFileType = sourcecode.swift; path = UIExtensions.swift; sourceTree = "<group>"; };
		CFAAD9EB23B4F4330054196D /* StringExtensions.swift */ = {isa = PBXFileReference; lastKnownFileType = sourcecode.swift; path = StringExtensions.swift; sourceTree = "<group>"; };
		CFB15CA023C760BF0059CB31 /* NetworkSession.swift */ = {isa = PBXFileReference; lastKnownFileType = sourcecode.swift; path = NetworkSession.swift; sourceTree = "<group>"; };
		CFB15CA223C7625E0059CB31 /* URLSessionExtensions.swift */ = {isa = PBXFileReference; lastKnownFileType = sourcecode.swift; path = URLSessionExtensions.swift; sourceTree = "<group>"; };
		CFB15CA623C783220059CB31 /* NetworkSessionMock.swift */ = {isa = PBXFileReference; lastKnownFileType = sourcecode.swift; path = NetworkSessionMock.swift; sourceTree = "<group>"; };
		CFB15CAA23C7A5880059CB31 /* APIManagerProtocol.swift */ = {isa = PBXFileReference; lastKnownFileType = sourcecode.swift; path = APIManagerProtocol.swift; sourceTree = "<group>"; };
		CFB15CAC23C7A7160059CB31 /* APIManagerMock.swift */ = {isa = PBXFileReference; lastKnownFileType = sourcecode.swift; path = APIManagerMock.swift; sourceTree = "<group>"; };
		CFB15CAE23C7AE530059CB31 /* PokedexViewModelTests.swift */ = {isa = PBXFileReference; lastKnownFileType = sourcecode.swift; path = PokedexViewModelTests.swift; sourceTree = "<group>"; };
		CFB6707623B1537200F33E80 /* Pokedex.app */ = {isa = PBXFileReference; explicitFileType = wrapper.application; includeInIndex = 0; path = Pokedex.app; sourceTree = BUILT_PRODUCTS_DIR; };
		CFB6707923B1537200F33E80 /* AppDelegate.swift */ = {isa = PBXFileReference; lastKnownFileType = sourcecode.swift; path = AppDelegate.swift; sourceTree = "<group>"; };
		CFB6707B23B1537200F33E80 /* SceneDelegate.swift */ = {isa = PBXFileReference; lastKnownFileType = sourcecode.swift; path = SceneDelegate.swift; sourceTree = "<group>"; };
		CFB6708023B1537200F33E80 /* Base */ = {isa = PBXFileReference; lastKnownFileType = file.storyboard; name = Base; path = Base.lproj/Main.storyboard; sourceTree = "<group>"; };
		CFB6708223B1537200F33E80 /* Assets.xcassets */ = {isa = PBXFileReference; lastKnownFileType = folder.assetcatalog; path = Assets.xcassets; sourceTree = "<group>"; };
		CFB6708523B1537200F33E80 /* Base */ = {isa = PBXFileReference; lastKnownFileType = file.storyboard; name = Base; path = Base.lproj/LaunchScreen.storyboard; sourceTree = "<group>"; };
		CFB6708723B1537200F33E80 /* Info.plist */ = {isa = PBXFileReference; lastKnownFileType = text.plist.xml; path = Info.plist; sourceTree = "<group>"; };
		CFB6708C23B1537300F33E80 /* PokedexTests.xctest */ = {isa = PBXFileReference; explicitFileType = wrapper.cfbundle; includeInIndex = 0; path = PokedexTests.xctest; sourceTree = BUILT_PRODUCTS_DIR; };
		CFB6709023B1537300F33E80 /* ApiManagerTests.swift */ = {isa = PBXFileReference; lastKnownFileType = sourcecode.swift; path = ApiManagerTests.swift; sourceTree = "<group>"; };
		CFB6709223B1537300F33E80 /* Info.plist */ = {isa = PBXFileReference; lastKnownFileType = text.plist.xml; path = Info.plist; sourceTree = "<group>"; };
		CFBB5E8623CCD761007AF907 /* PokedexViewModelSpec.swift */ = {isa = PBXFileReference; lastKnownFileType = sourcecode.swift; path = PokedexViewModelSpec.swift; sourceTree = "<group>"; };
		CFEBCC3023B15522004E0F73 /* PokeTypeDetail.swift */ = {isa = PBXFileReference; fileEncoding = 4; lastKnownFileType = sourcecode.swift; path = PokeTypeDetail.swift; sourceTree = "<group>"; };
		CFEBCC3123B15522004E0F73 /* Pokemon.swift */ = {isa = PBXFileReference; fileEncoding = 4; lastKnownFileType = sourcecode.swift; path = Pokemon.swift; sourceTree = "<group>"; };
		CFEBCC3223B15522004E0F73 /* PokeType.swift */ = {isa = PBXFileReference; fileEncoding = 4; lastKnownFileType = sourcecode.swift; path = PokeType.swift; sourceTree = "<group>"; };
		CFEBCC3623B1553F004E0F73 /* PokeTypesTableViewController.swift */ = {isa = PBXFileReference; fileEncoding = 4; lastKnownFileType = sourcecode.swift; path = PokeTypesTableViewController.swift; sourceTree = "<group>"; };
		CFEBCC3D23B15B4B004E0F73 /* PokedexViewModel.swift */ = {isa = PBXFileReference; fileEncoding = 4; lastKnownFileType = sourcecode.swift; path = PokedexViewModel.swift; sourceTree = "<group>"; };
		CFEBCC4023B2271A004E0F73 /* APIManager.swift */ = {isa = PBXFileReference; lastKnownFileType = sourcecode.swift; path = APIManager.swift; sourceTree = "<group>"; };
		CFEBCC4223B24702004E0F73 /* PokemonTableViewController.swift */ = {isa = PBXFileReference; lastKnownFileType = sourcecode.swift; path = PokemonTableViewController.swift; sourceTree = "<group>"; };
		CFF3928A23B62DA100B5B453 /* LoadSpinnerViewController.swift */ = {isa = PBXFileReference; lastKnownFileType = sourcecode.swift; path = LoadSpinnerViewController.swift; sourceTree = "<group>"; };
		DA0A3700380F9048A5CA2A33 /* Pods-Pokedex.debug.xcconfig */ = {isa = PBXFileReference; includeInIndex = 1; lastKnownFileType = text.xcconfig; name = "Pods-Pokedex.debug.xcconfig"; path = "Target Support Files/Pods-Pokedex/Pods-Pokedex.debug.xcconfig"; sourceTree = "<group>"; };
/* End PBXFileReference section */

/* Begin PBXFrameworksBuildPhase section */
		CFB6707323B1537200F33E80 /* Frameworks */ = {
			isa = PBXFrameworksBuildPhase;
			buildActionMask = 2147483647;
			files = (
				B8E046B8CDFAA8049B6433DB /* Pods_Pokedex.framework in Frameworks */,
			);
			runOnlyForDeploymentPostprocessing = 0;
		};
		CFB6708923B1537300F33E80 /* Frameworks */ = {
			isa = PBXFrameworksBuildPhase;
			buildActionMask = 2147483647;
			files = (
				EF10D96B17CD86CFEEAB904E /* Pods_PokedexTests.framework in Frameworks */,
			);
			runOnlyForDeploymentPostprocessing = 0;
		};
/* End PBXFrameworksBuildPhase section */

/* Begin PBXGroup section */
		C8C6339655116DB001D4B50F /* Frameworks */ = {
			isa = PBXGroup;
			children = (
				44B6EF9867D6030DBFCD437A /* Pods_Pokedex.framework */,
				ADEFABCA4ABCE2E4D0BF3E5B /* Pods_PokedexTests.framework */,
			);
			name = Frameworks;
			sourceTree = "<group>";
		};
		CF1E767823B52B7300CB539F /* Fonts */ = {
			isa = PBXGroup;
			children = (
				CF1E767F23B538A200CB539F /* Pokemon GB.ttf */,
				CF0E57D323B54715004625CF /* Pokemon Solid.ttf */,
			);
			path = Fonts;
			sourceTree = "<group>";
		};
		CFAAD9ED23B51CE10054196D /* View Controllers */ = {
			isa = PBXGroup;
			children = (
				CFAAD9E723B4C9FA0054196D /* PokemonDetailsViewController.swift */,
				CFEBCC4223B24702004E0F73 /* PokemonTableViewController.swift */,
				CFEBCC3623B1553F004E0F73 /* PokeTypesTableViewController.swift */,
				CFF3928A23B62DA100B5B453 /* LoadSpinnerViewController.swift */,
			);
			path = "View Controllers";
			sourceTree = "<group>";
		};
		CFAAD9EE23B51CFA0054196D /* Extensions */ = {
			isa = PBXGroup;
			children = (
				CFAAD9E923B4D3250054196D /* UIExtensions.swift */,
				CFAAD9EB23B4F4330054196D /* StringExtensions.swift */,
				CFB15CA223C7625E0059CB31 /* URLSessionExtensions.swift */,
			);
			path = Extensions;
			sourceTree = "<group>";
		};
		CFAAD9EF23B51D180054196D /* API Interface */ = {
			isa = PBXGroup;
			children = (
				CFEBCC4023B2271A004E0F73 /* APIManager.swift */,
			);
			path = "API Interface";
			sourceTree = "<group>";
		};
		CFB15C9F23C7608E0059CB31 /* Protocols */ = {
			isa = PBXGroup;
			children = (
				CFB15CA023C760BF0059CB31 /* NetworkSession.swift */,
				CFB15CAA23C7A5880059CB31 /* APIManagerProtocol.swift */,
			);
			path = Protocols;
			sourceTree = "<group>";
		};
		CFB15CA923C783EC0059CB31 /* MocksForTesting */ = {
			isa = PBXGroup;
			children = (
				CFB15CA623C783220059CB31 /* NetworkSessionMock.swift */,
				CFB15CAC23C7A7160059CB31 /* APIManagerMock.swift */,
			);
			path = MocksForTesting;
			sourceTree = "<group>";
		};
		CFB6706D23B1537200F33E80 = {
			isa = PBXGroup;
			children = (
				CFB6707823B1537200F33E80 /* Pokedex */,
				CFB6708F23B1537300F33E80 /* PokedexTests */,
				CFB6707723B1537200F33E80 /* Products */,
				D62CF3BE87BC218E5A32AF03 /* Pods */,
				C8C6339655116DB001D4B50F /* Frameworks */,
			);
			sourceTree = "<group>";
		};
		CFB6707723B1537200F33E80 /* Products */ = {
			isa = PBXGroup;
			children = (
				CFB6707623B1537200F33E80 /* Pokedex.app */,
				CFB6708C23B1537300F33E80 /* PokedexTests.xctest */,
			);
			name = Products;
			sourceTree = "<group>";
		};
		CFB6707823B1537200F33E80 /* Pokedex */ = {
			isa = PBXGroup;
			children = (
				CF1E767823B52B7300CB539F /* Fonts */,
				CFAAD9EF23B51D180054196D /* API Interface */,
				CFAAD9EE23B51CFA0054196D /* Extensions */,
				CFB15C9F23C7608E0059CB31 /* Protocols */,
				CFAAD9ED23B51CE10054196D /* View Controllers */,
				CFEBCC3F23B15DB0004E0F73 /* Delegates */,
				CFEBCC2F23B154FD004E0F73 /* Model */,
				CFB15CA923C783EC0059CB31 /* MocksForTesting */,
				CFB6707F23B1537200F33E80 /* Main.storyboard */,
				CFEBCC3D23B15B4B004E0F73 /* PokedexViewModel.swift */,
				CFB6708223B1537200F33E80 /* Assets.xcassets */,
				CFB6708423B1537200F33E80 /* LaunchScreen.storyboard */,
				CFB6708723B1537200F33E80 /* Info.plist */,
			);
			path = Pokedex;
			sourceTree = "<group>";
		};
		CFB6708F23B1537300F33E80 /* PokedexTests */ = {
			isa = PBXGroup;
			children = (
				CFB6709023B1537300F33E80 /* ApiManagerTests.swift */,
				CFB15CAE23C7AE530059CB31 /* PokedexViewModelTests.swift */,
				CFBB5E8623CCD761007AF907 /* PokedexViewModelSpec.swift */,
				CFB6709223B1537300F33E80 /* Info.plist */,
			);
			path = PokedexTests;
			sourceTree = "<group>";
		};
		CFEBCC2F23B154FD004E0F73 /* Model */ = {
			isa = PBXGroup;
			children = (
				CFEBCC3123B15522004E0F73 /* Pokemon.swift */,
				CFEBCC3223B15522004E0F73 /* PokeType.swift */,
				CFEBCC3023B15522004E0F73 /* PokeTypeDetail.swift */,
			);
			path = Model;
			sourceTree = "<group>";
		};
		CFEBCC3F23B15DB0004E0F73 /* Delegates */ = {
			isa = PBXGroup;
			children = (
				CFB6707923B1537200F33E80 /* AppDelegate.swift */,
				CFB6707B23B1537200F33E80 /* SceneDelegate.swift */,
			);
			path = Delegates;
			sourceTree = "<group>";
		};
		D62CF3BE87BC218E5A32AF03 /* Pods */ = {
			isa = PBXGroup;
			children = (
				DA0A3700380F9048A5CA2A33 /* Pods-Pokedex.debug.xcconfig */,
				B69278A1FE717E37538F8C1D /* Pods-Pokedex.release.xcconfig */,
				2CB3632F2799DEA28DA33F3B /* Pods-PokedexTests.debug.xcconfig */,
				7C00F0A8A7998439680986D5 /* Pods-PokedexTests.release.xcconfig */,
			);
			path = Pods;
			sourceTree = "<group>";
		};
/* End PBXGroup section */

/* Begin PBXNativeTarget section */
		CFB6707523B1537200F33E80 /* Pokedex */ = {
			isa = PBXNativeTarget;
			buildConfigurationList = CFB6709523B1537300F33E80 /* Build configuration list for PBXNativeTarget "Pokedex" */;
			buildPhases = (
				CF332E686BF432F877753E69 /* [CP] Check Pods Manifest.lock */,
				CFB6707223B1537200F33E80 /* Sources */,
				CFB6707323B1537200F33E80 /* Frameworks */,
				CFB6707423B1537200F33E80 /* Resources */,
			);
			buildRules = (
			);
			dependencies = (
			);
			name = Pokedex;
			productName = Pokedex;
			productReference = CFB6707623B1537200F33E80 /* Pokedex.app */;
			productType = "com.apple.product-type.application";
		};
		CFB6708B23B1537300F33E80 /* PokedexTests */ = {
			isa = PBXNativeTarget;
			buildConfigurationList = CFB6709823B1537300F33E80 /* Build configuration list for PBXNativeTarget "PokedexTests" */;
			buildPhases = (
				5293CB1DD3EAD2F8BCF6D925 /* [CP] Check Pods Manifest.lock */,
				CFB6708823B1537300F33E80 /* Sources */,
				CFB6708923B1537300F33E80 /* Frameworks */,
				CFB6708A23B1537300F33E80 /* Resources */,
				9430A1D62DC04C0F0E070718 /* [CP] Embed Pods Frameworks */,
			);
			buildRules = (
			);
			dependencies = (
				CFB6708E23B1537300F33E80 /* PBXTargetDependency */,
			);
			name = PokedexTests;
			productName = PokedexTests;
			productReference = CFB6708C23B1537300F33E80 /* PokedexTests.xctest */;
			productType = "com.apple.product-type.bundle.unit-test";
		};
/* End PBXNativeTarget section */

/* Begin PBXProject section */
		CFB6706E23B1537200F33E80 /* Project object */ = {
			isa = PBXProject;
			attributes = {
				LastSwiftUpdateCheck = 1130;
				LastUpgradeCheck = 1130;
				ORGANIZATIONNAME = "João Pedro Cappelletto D'Agnoluzzo";
				TargetAttributes = {
					CFB6707523B1537200F33E80 = {
						CreatedOnToolsVersion = 11.3;
					};
					CFB6708B23B1537300F33E80 = {
						CreatedOnToolsVersion = 11.3;
						TestTargetID = CFB6707523B1537200F33E80;
					};
				};
			};
			buildConfigurationList = CFB6707123B1537200F33E80 /* Build configuration list for PBXProject "Pokedex" */;
			compatibilityVersion = "Xcode 9.3";
			developmentRegion = en;
			hasScannedForEncodings = 0;
			knownRegions = (
				en,
				Base,
			);
			mainGroup = CFB6706D23B1537200F33E80;
			productRefGroup = CFB6707723B1537200F33E80 /* Products */;
			projectDirPath = "";
			projectRoot = "";
			targets = (
				CFB6707523B1537200F33E80 /* Pokedex */,
				CFB6708B23B1537300F33E80 /* PokedexTests */,
			);
		};
/* End PBXProject section */

/* Begin PBXResourcesBuildPhase section */
		CFB6707423B1537200F33E80 /* Resources */ = {
			isa = PBXResourcesBuildPhase;
			buildActionMask = 2147483647;
			files = (
				CF0E57D623B54B42004625CF /* Pokemon Solid.ttf in Resources */,
				CFB6708623B1537200F33E80 /* LaunchScreen.storyboard in Resources */,
				CF0E57D523B54B3F004625CF /* Pokemon GB.ttf in Resources */,
				CFB6708323B1537200F33E80 /* Assets.xcassets in Resources */,
				CFB6708123B1537200F33E80 /* Main.storyboard in Resources */,
			);
			runOnlyForDeploymentPostprocessing = 0;
		};
		CFB6708A23B1537300F33E80 /* Resources */ = {
			isa = PBXResourcesBuildPhase;
			buildActionMask = 2147483647;
			files = (
			);
			runOnlyForDeploymentPostprocessing = 0;
		};
/* End PBXResourcesBuildPhase section */

/* Begin PBXShellScriptBuildPhase section */
		5293CB1DD3EAD2F8BCF6D925 /* [CP] Check Pods Manifest.lock */ = {
			isa = PBXShellScriptBuildPhase;
			buildActionMask = 2147483647;
			files = (
			);
			inputFileListPaths = (
			);
			inputPaths = (
				"${PODS_PODFILE_DIR_PATH}/Podfile.lock",
				"${PODS_ROOT}/Manifest.lock",
			);
			name = "[CP] Check Pods Manifest.lock";
			outputFileListPaths = (
			);
			outputPaths = (
				"$(DERIVED_FILE_DIR)/Pods-PokedexTests-checkManifestLockResult.txt",
			);
			runOnlyForDeploymentPostprocessing = 0;
			shellPath = /bin/sh;
			shellScript = "diff \"${PODS_PODFILE_DIR_PATH}/Podfile.lock\" \"${PODS_ROOT}/Manifest.lock\" > /dev/null\nif [ $? != 0 ] ; then\n    # print error to STDERR\n    echo \"error: The sandbox is not in sync with the Podfile.lock. Run 'pod install' or update your CocoaPods installation.\" >&2\n    exit 1\nfi\n# This output is used by Xcode 'outputs' to avoid re-running this script phase.\necho \"SUCCESS\" > \"${SCRIPT_OUTPUT_FILE_0}\"\n";
			showEnvVarsInLog = 0;
		};
		9430A1D62DC04C0F0E070718 /* [CP] Embed Pods Frameworks */ = {
			isa = PBXShellScriptBuildPhase;
			buildActionMask = 2147483647;
			files = (
			);
			inputFileListPaths = (
				"${PODS_ROOT}/Target Support Files/Pods-PokedexTests/Pods-PokedexTests-frameworks-${CONFIGURATION}-input-files.xcfilelist",
			);
			name = "[CP] Embed Pods Frameworks";
			outputFileListPaths = (
				"${PODS_ROOT}/Target Support Files/Pods-PokedexTests/Pods-PokedexTests-frameworks-${CONFIGURATION}-output-files.xcfilelist",
			);
			runOnlyForDeploymentPostprocessing = 0;
			shellPath = /bin/sh;
			shellScript = "\"${PODS_ROOT}/Target Support Files/Pods-PokedexTests/Pods-PokedexTests-frameworks.sh\"\n";
			showEnvVarsInLog = 0;
		};
		CF332E686BF432F877753E69 /* [CP] Check Pods Manifest.lock */ = {
			isa = PBXShellScriptBuildPhase;
			buildActionMask = 2147483647;
			files = (
			);
			inputFileListPaths = (
			);
			inputPaths = (
				"${PODS_PODFILE_DIR_PATH}/Podfile.lock",
				"${PODS_ROOT}/Manifest.lock",
			);
			name = "[CP] Check Pods Manifest.lock";
			outputFileListPaths = (
			);
			outputPaths = (
				"$(DERIVED_FILE_DIR)/Pods-Pokedex-checkManifestLockResult.txt",
			);
			runOnlyForDeploymentPostprocessing = 0;
			shellPath = /bin/sh;
			shellScript = "diff \"${PODS_PODFILE_DIR_PATH}/Podfile.lock\" \"${PODS_ROOT}/Manifest.lock\" > /dev/null\nif [ $? != 0 ] ; then\n    # print error to STDERR\n    echo \"error: The sandbox is not in sync with the Podfile.lock. Run 'pod install' or update your CocoaPods installation.\" >&2\n    exit 1\nfi\n# This output is used by Xcode 'outputs' to avoid re-running this script phase.\necho \"SUCCESS\" > \"${SCRIPT_OUTPUT_FILE_0}\"\n";
			showEnvVarsInLog = 0;
		};
/* End PBXShellScriptBuildPhase section */

/* Begin PBXSourcesBuildPhase section */
		CFB6707223B1537200F33E80 /* Sources */ = {
			isa = PBXSourcesBuildPhase;
			buildActionMask = 2147483647;
			files = (
				CFF3928B23B62DA100B5B453 /* LoadSpinnerViewController.swift in Sources */,
				CFAAD9EC23B4F4330054196D /* StringExtensions.swift in Sources */,
				CFB15CA323C7625E0059CB31 /* URLSessionExtensions.swift in Sources */,
				CFEBCC4323B24702004E0F73 /* PokemonTableViewController.swift in Sources */,
				CFAAD9E823B4C9FA0054196D /* PokemonDetailsViewController.swift in Sources */,
				CFEBCC4123B2271A004E0F73 /* APIManager.swift in Sources */,
				CFEBCC3723B1553F004E0F73 /* PokeTypesTableViewController.swift in Sources */,
				CFEBCC3423B15522004E0F73 /* Pokemon.swift in Sources */,
				CFB15CA123C760BF0059CB31 /* NetworkSession.swift in Sources */,
				CFAAD9EA23B4D3250054196D /* UIExtensions.swift in Sources */,
				CFB6707A23B1537200F33E80 /* AppDelegate.swift in Sources */,
				CFB15CA823C7834C0059CB31 /* NetworkSessionMock.swift in Sources */,
				CFB15CAD23C7A7160059CB31 /* APIManagerMock.swift in Sources */,
				CFB15CAB23C7A5880059CB31 /* APIManagerProtocol.swift in Sources */,
				CFB6707C23B1537200F33E80 /* SceneDelegate.swift in Sources */,
				CFEBCC3523B15522004E0F73 /* PokeType.swift in Sources */,
				CFEBCC3323B15522004E0F73 /* PokeTypeDetail.swift in Sources */,
				CFEBCC3E23B15B4B004E0F73 /* PokedexViewModel.swift in Sources */,
			);
			runOnlyForDeploymentPostprocessing = 0;
		};
		CFB6708823B1537300F33E80 /* Sources */ = {
			isa = PBXSourcesBuildPhase;
			buildActionMask = 2147483647;
			files = (
				CFB6709123B1537300F33E80 /* ApiManagerTests.swift in Sources */,
				CFB15CAF23C7AE530059CB31 /* PokedexViewModelTests.swift in Sources */,
				CFBB5E8723CCD761007AF907 /* PokedexViewModelSpec.swift in Sources */,
			);
			runOnlyForDeploymentPostprocessing = 0;
		};
/* End PBXSourcesBuildPhase section */

/* Begin PBXTargetDependency section */
		CFB6708E23B1537300F33E80 /* PBXTargetDependency */ = {
			isa = PBXTargetDependency;
			target = CFB6707523B1537200F33E80 /* Pokedex */;
			targetProxy = CFB6708D23B1537300F33E80 /* PBXContainerItemProxy */;
		};
/* End PBXTargetDependency section */

/* Begin PBXVariantGroup section */
		CFB6707F23B1537200F33E80 /* Main.storyboard */ = {
			isa = PBXVariantGroup;
			children = (
				CFB6708023B1537200F33E80 /* Base */,
			);
			name = Main.storyboard;
			sourceTree = "<group>";
		};
		CFB6708423B1537200F33E80 /* LaunchScreen.storyboard */ = {
			isa = PBXVariantGroup;
			children = (
				CFB6708523B1537200F33E80 /* Base */,
			);
			name = LaunchScreen.storyboard;
			sourceTree = "<group>";
		};
/* End PBXVariantGroup section */

/* Begin XCBuildConfiguration section */
		CFB6709323B1537300F33E80 /* Debug */ = {
			isa = XCBuildConfiguration;
			buildSettings = {
				ALWAYS_SEARCH_USER_PATHS = NO;
				CLANG_ANALYZER_NONNULL = YES;
				CLANG_ANALYZER_NUMBER_OBJECT_CONVERSION = YES_AGGRESSIVE;
				CLANG_CXX_LANGUAGE_STANDARD = "gnu++14";
				CLANG_CXX_LIBRARY = "libc++";
				CLANG_ENABLE_MODULES = YES;
				CLANG_ENABLE_OBJC_ARC = YES;
				CLANG_ENABLE_OBJC_WEAK = YES;
				CLANG_WARN_BLOCK_CAPTURE_AUTORELEASING = YES;
				CLANG_WARN_BOOL_CONVERSION = YES;
				CLANG_WARN_COMMA = YES;
				CLANG_WARN_CONSTANT_CONVERSION = YES;
				CLANG_WARN_DEPRECATED_OBJC_IMPLEMENTATIONS = YES;
				CLANG_WARN_DIRECT_OBJC_ISA_USAGE = YES_ERROR;
				CLANG_WARN_DOCUMENTATION_COMMENTS = YES;
				CLANG_WARN_EMPTY_BODY = YES;
				CLANG_WARN_ENUM_CONVERSION = YES;
				CLANG_WARN_INFINITE_RECURSION = YES;
				CLANG_WARN_INT_CONVERSION = YES;
				CLANG_WARN_NON_LITERAL_NULL_CONVERSION = YES;
				CLANG_WARN_OBJC_IMPLICIT_RETAIN_SELF = YES;
				CLANG_WARN_OBJC_LITERAL_CONVERSION = YES;
				CLANG_WARN_OBJC_ROOT_CLASS = YES_ERROR;
				CLANG_WARN_RANGE_LOOP_ANALYSIS = YES;
				CLANG_WARN_STRICT_PROTOTYPES = YES;
				CLANG_WARN_SUSPICIOUS_MOVE = YES;
				CLANG_WARN_UNGUARDED_AVAILABILITY = YES_AGGRESSIVE;
				CLANG_WARN_UNREACHABLE_CODE = YES;
				CLANG_WARN__DUPLICATE_METHOD_MATCH = YES;
				COPY_PHASE_STRIP = NO;
				DEBUG_INFORMATION_FORMAT = dwarf;
				ENABLE_STRICT_OBJC_MSGSEND = YES;
				ENABLE_TESTABILITY = YES;
				GCC_C_LANGUAGE_STANDARD = gnu11;
				GCC_DYNAMIC_NO_PIC = NO;
				GCC_NO_COMMON_BLOCKS = YES;
				GCC_OPTIMIZATION_LEVEL = 0;
				GCC_PREPROCESSOR_DEFINITIONS = (
					"DEBUG=1",
					"$(inherited)",
				);
				GCC_WARN_64_TO_32_BIT_CONVERSION = YES;
				GCC_WARN_ABOUT_RETURN_TYPE = YES_ERROR;
				GCC_WARN_UNDECLARED_SELECTOR = YES;
				GCC_WARN_UNINITIALIZED_AUTOS = YES_AGGRESSIVE;
				GCC_WARN_UNUSED_FUNCTION = YES;
				GCC_WARN_UNUSED_VARIABLE = YES;
				IPHONEOS_DEPLOYMENT_TARGET = 13.2;
				MTL_ENABLE_DEBUG_INFO = INCLUDE_SOURCE;
				MTL_FAST_MATH = YES;
				ONLY_ACTIVE_ARCH = YES;
				SDKROOT = iphoneos;
				SWIFT_ACTIVE_COMPILATION_CONDITIONS = DEBUG;
				SWIFT_OPTIMIZATION_LEVEL = "-Onone";
			};
			name = Debug;
		};
		CFB6709423B1537300F33E80 /* Release */ = {
			isa = XCBuildConfiguration;
			buildSettings = {
				ALWAYS_SEARCH_USER_PATHS = NO;
				CLANG_ANALYZER_NONNULL = YES;
				CLANG_ANALYZER_NUMBER_OBJECT_CONVERSION = YES_AGGRESSIVE;
				CLANG_CXX_LANGUAGE_STANDARD = "gnu++14";
				CLANG_CXX_LIBRARY = "libc++";
				CLANG_ENABLE_MODULES = YES;
				CLANG_ENABLE_OBJC_ARC = YES;
				CLANG_ENABLE_OBJC_WEAK = YES;
				CLANG_WARN_BLOCK_CAPTURE_AUTORELEASING = YES;
				CLANG_WARN_BOOL_CONVERSION = YES;
				CLANG_WARN_COMMA = YES;
				CLANG_WARN_CONSTANT_CONVERSION = YES;
				CLANG_WARN_DEPRECATED_OBJC_IMPLEMENTATIONS = YES;
				CLANG_WARN_DIRECT_OBJC_ISA_USAGE = YES_ERROR;
				CLANG_WARN_DOCUMENTATION_COMMENTS = YES;
				CLANG_WARN_EMPTY_BODY = YES;
				CLANG_WARN_ENUM_CONVERSION = YES;
				CLANG_WARN_INFINITE_RECURSION = YES;
				CLANG_WARN_INT_CONVERSION = YES;
				CLANG_WARN_NON_LITERAL_NULL_CONVERSION = YES;
				CLANG_WARN_OBJC_IMPLICIT_RETAIN_SELF = YES;
				CLANG_WARN_OBJC_LITERAL_CONVERSION = YES;
				CLANG_WARN_OBJC_ROOT_CLASS = YES_ERROR;
				CLANG_WARN_RANGE_LOOP_ANALYSIS = YES;
				CLANG_WARN_STRICT_PROTOTYPES = YES;
				CLANG_WARN_SUSPICIOUS_MOVE = YES;
				CLANG_WARN_UNGUARDED_AVAILABILITY = YES_AGGRESSIVE;
				CLANG_WARN_UNREACHABLE_CODE = YES;
				CLANG_WARN__DUPLICATE_METHOD_MATCH = YES;
				COPY_PHASE_STRIP = NO;
				DEBUG_INFORMATION_FORMAT = "dwarf-with-dsym";
				ENABLE_NS_ASSERTIONS = NO;
				ENABLE_STRICT_OBJC_MSGSEND = YES;
				GCC_C_LANGUAGE_STANDARD = gnu11;
				GCC_NO_COMMON_BLOCKS = YES;
				GCC_WARN_64_TO_32_BIT_CONVERSION = YES;
				GCC_WARN_ABOUT_RETURN_TYPE = YES_ERROR;
				GCC_WARN_UNDECLARED_SELECTOR = YES;
				GCC_WARN_UNINITIALIZED_AUTOS = YES_AGGRESSIVE;
				GCC_WARN_UNUSED_FUNCTION = YES;
				GCC_WARN_UNUSED_VARIABLE = YES;
				IPHONEOS_DEPLOYMENT_TARGET = 13.2;
				MTL_ENABLE_DEBUG_INFO = NO;
				MTL_FAST_MATH = YES;
				SDKROOT = iphoneos;
				SWIFT_COMPILATION_MODE = wholemodule;
				SWIFT_OPTIMIZATION_LEVEL = "-O";
				VALIDATE_PRODUCT = YES;
			};
			name = Release;
		};
		CFB6709623B1537300F33E80 /* Debug */ = {
			isa = XCBuildConfiguration;
			baseConfigurationReference = DA0A3700380F9048A5CA2A33 /* Pods-Pokedex.debug.xcconfig */;
			buildSettings = {
				ASSETCATALOG_COMPILER_APPICON_NAME = AppIcon;
				CODE_SIGN_STYLE = Automatic;
				DEVELOPMENT_ASSET_PATHS = "";
				DEVELOPMENT_TEAM = L23XZ22LBQ;
				INFOPLIST_FILE = Pokedex/Info.plist;
				LD_RUNPATH_SEARCH_PATHS = (
					"$(inherited)",
					"@executable_path/Frameworks",
				);
				PRODUCT_BUNDLE_IDENTIFIER = com.JoaoDAgnoluzzo.Pokedex;
				PRODUCT_NAME = "$(TARGET_NAME)";
				SWIFT_VERSION = 5.0;
				TARGETED_DEVICE_FAMILY = "1,2";
			};
			name = Debug;
		};
		CFB6709723B1537300F33E80 /* Release */ = {
			isa = XCBuildConfiguration;
			baseConfigurationReference = B69278A1FE717E37538F8C1D /* Pods-Pokedex.release.xcconfig */;
			buildSettings = {
				ASSETCATALOG_COMPILER_APPICON_NAME = AppIcon;
				CODE_SIGN_STYLE = Automatic;
				DEVELOPMENT_ASSET_PATHS = "";
				DEVELOPMENT_TEAM = L23XZ22LBQ;
				INFOPLIST_FILE = Pokedex/Info.plist;
				LD_RUNPATH_SEARCH_PATHS = (
					"$(inherited)",
					"@executable_path/Frameworks",
				);
				PRODUCT_BUNDLE_IDENTIFIER = com.JoaoDAgnoluzzo.Pokedex;
				PRODUCT_NAME = "$(TARGET_NAME)";
				SWIFT_VERSION = 5.0;
				TARGETED_DEVICE_FAMILY = "1,2";
			};
			name = Release;
		};
		CFB6709923B1537300F33E80 /* Debug */ = {
			isa = XCBuildConfiguration;
			baseConfigurationReference = 2CB3632F2799DEA28DA33F3B /* Pods-PokedexTests.debug.xcconfig */;
			buildSettings = {
				ALWAYS_EMBED_SWIFT_STANDARD_LIBRARIES = YES;
				BUNDLE_LOADER = "$(TEST_HOST)";
				CODE_SIGN_STYLE = Automatic;
				DEVELOPMENT_TEAM = L23XZ22LBQ;
				INFOPLIST_FILE = PokedexTests/Info.plist;
				IPHONEOS_DEPLOYMENT_TARGET = 13.2;
				LD_RUNPATH_SEARCH_PATHS = (
					"$(inherited)",
					"@executable_path/Frameworks",
					"@loader_path/Frameworks",
				);
				PRODUCT_BUNDLE_IDENTIFIER = com.JoaoDAgnoluzzo.PokedexTests;
				PRODUCT_NAME = "$(TARGET_NAME)";
				SWIFT_VERSION = 5.0;
				TARGETED_DEVICE_FAMILY = "1,2";
				TEST_HOST = "$(BUILT_PRODUCTS_DIR)/Pokedex.app/Pokedex";
			};
			name = Debug;
		};
		CFB6709A23B1537300F33E80 /* Release */ = {
			isa = XCBuildConfiguration;
			baseConfigurationReference = 7C00F0A8A7998439680986D5 /* Pods-PokedexTests.release.xcconfig */;
			buildSettings = {
				ALWAYS_EMBED_SWIFT_STANDARD_LIBRARIES = YES;
				BUNDLE_LOADER = "$(TEST_HOST)";
				CODE_SIGN_STYLE = Automatic;
				DEVELOPMENT_TEAM = L23XZ22LBQ;
				INFOPLIST_FILE = PokedexTests/Info.plist;
				IPHONEOS_DEPLOYMENT_TARGET = 13.2;
				LD_RUNPATH_SEARCH_PATHS = (
					"$(inherited)",
					"@executable_path/Frameworks",
					"@loader_path/Frameworks",
				);
				PRODUCT_BUNDLE_IDENTIFIER = com.JoaoDAgnoluzzo.PokedexTests;
				PRODUCT_NAME = "$(TARGET_NAME)";
				SWIFT_VERSION = 5.0;
				TARGETED_DEVICE_FAMILY = "1,2";
				TEST_HOST = "$(BUILT_PRODUCTS_DIR)/Pokedex.app/Pokedex";
			};
			name = Release;
		};
/* End XCBuildConfiguration section */

/* Begin XCConfigurationList section */
		CFB6707123B1537200F33E80 /* Build configuration list for PBXProject "Pokedex" */ = {
			isa = XCConfigurationList;
			buildConfigurations = (
				CFB6709323B1537300F33E80 /* Debug */,
				CFB6709423B1537300F33E80 /* Release */,
			);
			defaultConfigurationIsVisible = 0;
			defaultConfigurationName = Release;
		};
		CFB6709523B1537300F33E80 /* Build configuration list for PBXNativeTarget "Pokedex" */ = {
			isa = XCConfigurationList;
			buildConfigurations = (
				CFB6709623B1537300F33E80 /* Debug */,
				CFB6709723B1537300F33E80 /* Release */,
			);
			defaultConfigurationIsVisible = 0;
			defaultConfigurationName = Release;
		};
		CFB6709823B1537300F33E80 /* Build configuration list for PBXNativeTarget "PokedexTests" */ = {
			isa = XCConfigurationList;
			buildConfigurations = (
				CFB6709923B1537300F33E80 /* Debug */,
				CFB6709A23B1537300F33E80 /* Release */,
			);
			defaultConfigurationIsVisible = 0;
			defaultConfigurationName = Release;
		};
/* End XCConfigurationList section */
	};
	rootObject = CFB6706E23B1537200F33E80 /* Project object */;
}
